{
  "name": "topBar",
  "lockfileVersion": 3,
  "requires": true,
  "packages": {
    "": {
      "dependencies": {
        "gnim": "^1.0.1"
      }
    },
    "../../../../../nix/store/0f4b7xv57br3vsq66bv79jmqmzr51xnw-ags-3.0.0/share/ags/js": {
      "name": "ags",
      "version": "3.0.0",
      "extraneous": true,
      "license": "LGPL-2.1",
      "os": [
        "linux"
      ],
      "devDependencies": {
        "@eslint/js": "latest",
        "eslint": "latest",
        "typescript": "latest",
        "typescript-eslint": "latest"
      },
      "engines": {
        "gjs": ">=1.79.0"
      },
      "funding": {
        "type": "kofi",
        "url": "https://ko-fi.com/aylur"
      }
    },
    "node_modules/gnim": {
      "version": "1.0.1",
      "resolved": "https://registry.npmjs.org/gnim/-/gnim-1.0.1.tgz",
      "integrity": "sha512-SBIRt4w49cOw2BKBpd+v5CRkXUk2jWcOHQVjoM/BIKhyCCTCp/+CvAxGW4EewVGxwE1JuGVh8xjeJ5eNcCpABQ==",
      "license": "MIT",
      "engines": {
        "gjs": ">=1.79.0"
      },
      "funding": {
        "type": "kofi",
        "url": "https://ko-fi.com/aylur"
      }
    }
  }
}
